PODS:
  - Flutter (1.0.0)
  - geocoding_ios (1.0.5):
    - Flutter
  - geolocator_apple (1.2.0):
    - Flutter
  - Mapbox-iOS-SDK (6.4.1):
    - MapboxMobileEvents (~> 0.10.12)
  - mapbox_gl (0.0.1):
    - Flutter
    - Mapbox-iOS-SDK (~> 6.4.0)
    - MapboxAnnotationExtension (~> 0.0.1-beta.1)
  - MapboxAnnotationExtension (0.0.1-beta.2):
    - Mapbox-iOS-SDK (~> 6.0)
  - MapboxMobileEvents (0.10.14)
  - package_info (0.0.1):
    - Flutter
  - path_provider_foundation (0.0.1):
    - Flutter
    - FlutterMacOS
  - url_launcher_ios (0.0.1):
    - Flutter

DEPENDENCIES:
  - Flutter (from `Flutter`)
  - geocoding_ios (from `.symlinks/plugins/geocoding_ios/ios`)
  - geolocator_apple (from `.symlinks/plugins/geolocator_apple/ios`)
  - mapbox_gl (from `.symlinks/plugins/mapbox_gl/ios`)
  - package_info (from `.symlinks/plugins/package_info/ios`)
  - path_provider_foundation (from `.symlinks/plugins/path_provider_foundation/darwin`)
  - url_launcher_ios (from `.symlinks/plugins/url_launcher_ios/ios`)

SPEC REPOS:
  trunk:
    - Mapbox-iOS-SDK
    - MapboxAnnotationExtension
    - MapboxMobileEvents

EXTERNAL SOURCES:
  Flutter:
    :path: Flutter
  geocoding_ios:
    :path: ".symlinks/plugins/geocoding_ios/ios"
  geolocator_apple:
    :path: ".symlinks/plugins/geolocator_apple/ios"
  mapbox_gl:
    :path: ".symlinks/plugins/mapbox_gl/ios"
  package_info:
    :path: ".symlinks/plugins/package_info/ios"
  path_provider_foundation:
    :path: ".symlinks/plugins/path_provider_foundation/darwin"
  url_launcher_ios:
    :path: ".symlinks/plugins/url_launcher_ios/ios"

SPEC CHECKSUMS:
  Flutter: f04841e97a9d0b0a8025694d0796dd46242b2854
  geocoding_ios: a389ea40f6f548de6e63006a2e31bf66ff80769a
  geolocator_apple: cc556e6844d508c95df1e87e3ea6fa4e58c50401
  Mapbox-iOS-SDK: f870f83cbdc7aa4a74afcee143aafb0dae390c82
  mapbox_gl: 33c5ab6306cbfa72289bb3606d2cd2e8baee9ff0
  MapboxAnnotationExtension: 4eee6c26349ef6d909f1a23a7eae2d0f7ca5fa7d
  MapboxMobileEvents: 5a172cc9bbf8ac0e45ba86095cbee685ede248cc
  package_info: 873975fc26034f0b863a300ad47e7f1ac6c7ec62
  path_provider_foundation: 29f094ae23ebbca9d3d0cec13889cd9060c0e943
  url_launcher_ios: 68d46cc9766d0c41dbdc884310529557e3cd7a86

PODFILE CHECKSUM: 5d3783193984a28ba83b9fed9f3fe7d23827467a

COCOAPODS: 1.13.0
